// !$*UTF8*$!
{
	archiveVersion = 1;
	classes = {
	};
	objectVersion = 50;
	objects = {

/* Begin PBXBuildFile section */
		A78A75EE2399E4200045AA66 /* AppDelegate.swift in Sources */ = {isa = PBXBuildFile; fileRef = A78A75ED2399E4200045AA66 /* AppDelegate.swift */; };
		A78A75F02399E4200045AA66 /* SceneDelegate.swift in Sources */ = {isa = PBXBuildFile; fileRef = A78A75EF2399E4200045AA66 /* SceneDelegate.swift */; };
		A78A75F52399E4200045AA66 /* Main.storyboard in Resources */ = {isa = PBXBuildFile; fileRef = A78A75F32399E4200045AA66 /* Main.storyboard */; };
		A78A75F72399E4230045AA66 /* Assets.xcassets in Resources */ = {isa = PBXBuildFile; fileRef = A78A75F62399E4230045AA66 /* Assets.xcassets */; };
		A78A75FA2399E4230045AA66 /* LaunchScreen.storyboard in Resources */ = {isa = PBXBuildFile; fileRef = A78A75F82399E4230045AA66 /* LaunchScreen.storyboard */; };
		A78A76032399E5D40045AA66 /* MainRootViewController.swift in Sources */ = {isa = PBXBuildFile; fileRef = A78A76022399E5D40045AA66 /* MainRootViewController.swift */; };
		A78A76072399E9480045AA66 /* HTTPResponse.swift in Sources */ = {isa = PBXBuildFile; fileRef = A78A76062399E9480045AA66 /* HTTPResponse.swift */; };
		A78A76092399E97C0045AA66 /* URLRequest.swift in Sources */ = {isa = PBXBuildFile; fileRef = A78A76082399E97C0045AA66 /* URLRequest.swift */; };
		A78A760B2399E9990045AA66 /* Result.swift in Sources */ = {isa = PBXBuildFile; fileRef = A78A760A2399E9990045AA66 /* Result.swift */; };
		A78A760E2399EA310045AA66 /* MoviesAPIClient.swift in Sources */ = {isa = PBXBuildFile; fileRef = A78A760D2399EA310045AA66 /* MoviesAPIClient.swift */; };
		A78A76122399ED6B0045AA66 /* NetworkResponseError.swift in Sources */ = {isa = PBXBuildFile; fileRef = A78A76112399ED6B0045AA66 /* NetworkResponseError.swift */; };
		A78A76142399EF600045AA66 /* Movie.swift in Sources */ = {isa = PBXBuildFile; fileRef = A78A76132399EF600045AA66 /* Movie.swift */; };
/* End PBXBuildFile section */

/* Begin PBXFileReference section */
		A78A75EA2399E4200045AA66 /* SimpleBanners.app */ = {isa = PBXFileReference; explicitFileType = wrapper.application; includeInIndex = 0; path = SimpleBanners.app; sourceTree = BUILT_PRODUCTS_DIR; };
		A78A75ED2399E4200045AA66 /* AppDelegate.swift */ = {isa = PBXFileReference; lastKnownFileType = sourcecode.swift; path = AppDelegate.swift; sourceTree = "<group>"; };
		A78A75EF2399E4200045AA66 /* SceneDelegate.swift */ = {isa = PBXFileReference; lastKnownFileType = sourcecode.swift; path = SceneDelegate.swift; sourceTree = "<group>"; };
		A78A75F42399E4200045AA66 /* Base */ = {isa = PBXFileReference; lastKnownFileType = file.storyboard; name = Base; path = Base.lproj/Main.storyboard; sourceTree = "<group>"; };
		A78A75F62399E4230045AA66 /* Assets.xcassets */ = {isa = PBXFileReference; lastKnownFileType = folder.assetcatalog; path = Assets.xcassets; sourceTree = "<group>"; };
		A78A75F92399E4230045AA66 /* Base */ = {isa = PBXFileReference; lastKnownFileType = file.storyboard; name = Base; path = Base.lproj/LaunchScreen.storyboard; sourceTree = "<group>"; };
		A78A75FB2399E4230045AA66 /* Info.plist */ = {isa = PBXFileReference; lastKnownFileType = text.plist.xml; path = Info.plist; sourceTree = "<group>"; };
		A78A76022399E5D40045AA66 /* MainRootViewController.swift */ = {isa = PBXFileReference; lastKnownFileType = sourcecode.swift; path = MainRootViewController.swift; sourceTree = "<group>"; };
		A78A76062399E9480045AA66 /* HTTPResponse.swift */ = {isa = PBXFileReference; lastKnownFileType = sourcecode.swift; path = HTTPResponse.swift; sourceTree = "<group>"; };
		A78A76082399E97C0045AA66 /* URLRequest.swift */ = {isa = PBXFileReference; lastKnownFileType = sourcecode.swift; path = URLRequest.swift; sourceTree = "<group>"; };
		A78A760A2399E9990045AA66 /* Result.swift */ = {isa = PBXFileReference; lastKnownFileType = sourcecode.swift; path = Result.swift; sourceTree = "<group>"; };
		A78A760D2399EA310045AA66 /* MoviesAPIClient.swift */ = {isa = PBXFileReference; lastKnownFileType = sourcecode.swift; path = MoviesAPIClient.swift; sourceTree = "<group>"; };
		A78A76112399ED6B0045AA66 /* NetworkResponseError.swift */ = {isa = PBXFileReference; lastKnownFileType = sourcecode.swift; path = NetworkResponseError.swift; sourceTree = "<group>"; };
		A78A76132399EF600045AA66 /* Movie.swift */ = {isa = PBXFileReference; lastKnownFileType = sourcecode.swift; path = Movie.swift; sourceTree = "<group>"; };
/* End PBXFileReference section */

/* Begin PBXFrameworksBuildPhase section */
		A78A75E72399E4200045AA66 /* Frameworks */ = {
			isa = PBXFrameworksBuildPhase;
			buildActionMask = 2147483647;
			files = (
			);
			runOnlyForDeploymentPostprocessing = 0;
		};
/* End PBXFrameworksBuildPhase section */

/* Begin PBXGroup section */
		A78A75E12399E4200045AA66 = {
			isa = PBXGroup;
			children = (
				A78A75EC2399E4200045AA66 /* SimpleBanners */,
				A78A75EB2399E4200045AA66 /* Products */,
			);
			sourceTree = "<group>";
		};
		A78A75EB2399E4200045AA66 /* Products */ = {
			isa = PBXGroup;
			children = (
				A78A75EA2399E4200045AA66 /* SimpleBanners.app */,
			);
			name = Products;
			sourceTree = "<group>";
		};
		A78A75EC2399E4200045AA66 /* SimpleBanners */ = {
			isa = PBXGroup;
			children = (
				A78A760C2399EA0F0045AA66 /* MoviesAPI */,
				A78A76052399E92C0045AA66 /* Network */,
				A78A76042399E82F0045AA66 /* Model */,
				A78A76012399E59A0045AA66 /* View */,
				A78A75ED2399E4200045AA66 /* AppDelegate.swift */,
				A78A75EF2399E4200045AA66 /* SceneDelegate.swift */,
				A78A75F32399E4200045AA66 /* Main.storyboard */,
				A78A75F62399E4230045AA66 /* Assets.xcassets */,
				A78A75F82399E4230045AA66 /* LaunchScreen.storyboard */,
				A78A75FB2399E4230045AA66 /* Info.plist */,
			);
			path = SimpleBanners;
			sourceTree = "<group>";
		};
		A78A76012399E59A0045AA66 /* View */ = {
			isa = PBXGroup;
			children = (
				A78A76022399E5D40045AA66 /* MainRootViewController.swift */,
			);
			path = View;
			sourceTree = "<group>";
		};
		A78A76042399E82F0045AA66 /* Model */ = {
			isa = PBXGroup;
			children = (
				A78A76132399EF600045AA66 /* Movie.swift */,
			);
			path = Model;
			sourceTree = "<group>";
		};
		A78A76052399E92C0045AA66 /* Network */ = {
			isa = PBXGroup;
			children = (
				A78A76062399E9480045AA66 /* HTTPResponse.swift */,
				A78A76082399E97C0045AA66 /* URLRequest.swift */,
				A78A760A2399E9990045AA66 /* Result.swift */,
				A78A76112399ED6B0045AA66 /* NetworkResponseError.swift */,
			);
			path = Network;
			sourceTree = "<group>";
		};
		A78A760C2399EA0F0045AA66 /* MoviesAPI */ = {
			isa = PBXGroup;
			children = (
				A78A760D2399EA310045AA66 /* MoviesAPIClient.swift */,
			);
			path = MoviesAPI;
			sourceTree = "<group>";
		};
/* End PBXGroup section */

/* Begin PBXNativeTarget section */
		A78A75E92399E4200045AA66 /* SimpleBanners */ = {
			isa = PBXNativeTarget;
			buildConfigurationList = A78A75FE2399E4230045AA66 /* Build configuration list for PBXNativeTarget "SimpleBanners" */;
			buildPhases = (
				A78A75E62399E4200045AA66 /* Sources */,
				A78A75E72399E4200045AA66 /* Frameworks */,
				A78A75E82399E4200045AA66 /* Resources */,
			);
			buildRules = (
			);
			dependencies = (
			);
			name = SimpleBanners;
			productName = SimpleBanners;
			productReference = A78A75EA2399E4200045AA66 /* SimpleBanners.app */;
			productType = "com.apple.product-type.application";
		};
/* End PBXNativeTarget section */

/* Begin PBXProject section */
		A78A75E22399E4200045AA66 /* Project object */ = {
			isa = PBXProject;
			attributes = {
				LastSwiftUpdateCheck = 1110;
				LastUpgradeCheck = 1110;
				ORGANIZATIONNAME = "Filipe Merli";
				TargetAttributes = {
					A78A75E92399E4200045AA66 = {
						CreatedOnToolsVersion = 11.1;
					};
				};
			};
			buildConfigurationList = A78A75E52399E4200045AA66 /* Build configuration list for PBXProject "SimpleBanners" */;
			compatibilityVersion = "Xcode 9.3";
			developmentRegion = en;
			hasScannedForEncodings = 0;
			knownRegions = (
				en,
				Base,
			);
			mainGroup = A78A75E12399E4200045AA66;
			productRefGroup = A78A75EB2399E4200045AA66 /* Products */;
			projectDirPath = "";
			projectRoot = "";
			targets = (
				A78A75E92399E4200045AA66 /* SimpleBanners */,
			);
		};
/* End PBXProject section */

/* Begin PBXResourcesBuildPhase section */
		A78A75E82399E4200045AA66 /* Resources */ = {
			isa = PBXResourcesBuildPhase;
			buildActionMask = 2147483647;
			files = (
				A78A75FA2399E4230045AA66 /* LaunchScreen.storyboard in Resources */,
				A78A75F72399E4230045AA66 /* Assets.xcassets in Resources */,
				A78A75F52399E4200045AA66 /* Main.storyboard in Resources */,
			);
			runOnlyForDeploymentPostprocessing = 0;
		};
/* End PBXResourcesBuildPhase section */

/* Begin PBXSourcesBuildPhase section */
		A78A75E62399E4200045AA66 /* Sources */ = {
			isa = PBXSourcesBuildPhase;
			buildActionMask = 2147483647;
			files = (
				A78A75EE2399E4200045AA66 /* AppDelegate.swift in Sources */,
				A78A76072399E9480045AA66 /* HTTPResponse.swift in Sources */,
				A78A76092399E97C0045AA66 /* URLRequest.swift in Sources */,
				A78A76142399EF600045AA66 /* Movie.swift in Sources */,
				A78A760E2399EA310045AA66 /* MoviesAPIClient.swift in Sources */,
				A78A760B2399E9990045AA66 /* Result.swift in Sources */,
				A78A76122399ED6B0045AA66 /* NetworkResponseError.swift in Sources */,
				A78A75F02399E4200045AA66 /* SceneDelegate.swift in Sources */,
				A78A76032399E5D40045AA66 /* MainRootViewController.swift in Sources */,
			);
			runOnlyForDeploymentPostprocessing = 0;
		};
/* End PBXSourcesBuildPhase section */

/* Begin PBXVariantGroup section */
		A78A75F32399E4200045AA66 /* Main.storyboard */ = {
			isa = PBXVariantGroup;
			children = (
				A78A75F42399E4200045AA66 /* Base */,
			);
			name = Main.storyboard;
			sourceTree = "<group>";
		};
		A78A75F82399E4230045AA66 /* LaunchScreen.storyboard */ = {
			isa = PBXVariantGroup;
			children = (
				A78A75F92399E4230045AA66 /* Base */,
			);
			name = LaunchScreen.storyboard;
			sourceTree = "<group>";
		};
/* End PBXVariantGroup section */

/* Begin XCBuildConfiguration section */
		A78A75FC2399E4230045AA66 /* Debug */ = {
			isa = XCBuildConfiguration;
			buildSettings = {
				ALWAYS_SEARCH_USER_PATHS = NO;
				CLANG_ANALYZER_NONNULL = YES;
				CLANG_ANALYZER_NUMBER_OBJECT_CONVERSION = YES_AGGRESSIVE;
				CLANG_CXX_LANGUAGE_STANDARD = "gnu++14";
				CLANG_CXX_LIBRARY = "libc++";
				CLANG_ENABLE_MODULES = YES;
				CLANG_ENABLE_OBJC_ARC = YES;
				CLANG_ENABLE_OBJC_WEAK = YES;
				CLANG_WARN_BLOCK_CAPTURE_AUTORELEASING = YES;
				CLANG_WARN_BOOL_CONVERSION = YES;
				CLANG_WARN_COMMA = YES;
				CLANG_WARN_CONSTANT_CONVERSION = YES;
				CLANG_WARN_DEPRECATED_OBJC_IMPLEMENTATIONS = YES;
				CLANG_WARN_DIRECT_OBJC_ISA_USAGE = YES_ERROR;
				CLANG_WARN_DOCUMENTATION_COMMENTS = YES;
				CLANG_WARN_EMPTY_BODY = YES;
				CLANG_WARN_ENUM_CONVERSION = YES;
				CLANG_WARN_INFINITE_RECURSION = YES;
				CLANG_WARN_INT_CONVERSION = YES;
				CLANG_WARN_NON_LITERAL_NULL_CONVERSION = YES;
				CLANG_WARN_OBJC_IMPLICIT_RETAIN_SELF = YES;
				CLANG_WARN_OBJC_LITERAL_CONVERSION = YES;
				CLANG_WARN_OBJC_ROOT_CLASS = YES_ERROR;
				CLANG_WARN_RANGE_LOOP_ANALYSIS = YES;
				CLANG_WARN_STRICT_PROTOTYPES = YES;
				CLANG_WARN_SUSPICIOUS_MOVE = YES;
				CLANG_WARN_UNGUARDED_AVAILABILITY = YES_AGGRESSIVE;
				CLANG_WARN_UNREACHABLE_CODE = YES;
				CLANG_WARN__DUPLICATE_METHOD_MATCH = YES;
				COPY_PHASE_STRIP = NO;
				DEBUG_INFORMATION_FORMAT = dwarf;
				ENABLE_STRICT_OBJC_MSGSEND = YES;
				ENABLE_TESTABILITY = YES;
				GCC_C_LANGUAGE_STANDARD = gnu11;
				GCC_DYNAMIC_NO_PIC = NO;
				GCC_NO_COMMON_BLOCKS = YES;
				GCC_OPTIMIZATION_LEVEL = 0;
				GCC_PREPROCESSOR_DEFINITIONS = (
					"DEBUG=1",
					"$(inherited)",
				);
				GCC_WARN_64_TO_32_BIT_CONVERSION = YES;
				GCC_WARN_ABOUT_RETURN_TYPE = YES_ERROR;
				GCC_WARN_UNDECLARED_SELECTOR = YES;
				GCC_WARN_UNINITIALIZED_AUTOS = YES_AGGRESSIVE;
				GCC_WARN_UNUSED_FUNCTION = YES;
				GCC_WARN_UNUSED_VARIABLE = YES;
				IPHONEOS_DEPLOYMENT_TARGET = 13.1;
				MTL_ENABLE_DEBUG_INFO = INCLUDE_SOURCE;
				MTL_FAST_MATH = YES;
				ONLY_ACTIVE_ARCH = YES;
				SDKROOT = iphoneos;
				SWIFT_ACTIVE_COMPILATION_CONDITIONS = DEBUG;
				SWIFT_OPTIMIZATION_LEVEL = "-Onone";
			};
			name = Debug;
		};
		A78A75FD2399E4230045AA66 /* Release */ = {
			isa = XCBuildConfiguration;
			buildSettings = {
				ALWAYS_SEARCH_USER_PATHS = NO;
				CLANG_ANALYZER_NONNULL = YES;
				CLANG_ANALYZER_NUMBER_OBJECT_CONVERSION = YES_AGGRESSIVE;
				CLANG_CXX_LANGUAGE_STANDARD = "gnu++14";
				CLANG_CXX_LIBRARY = "libc++";
				CLANG_ENABLE_MODULES = YES;
				CLANG_ENABLE_OBJC_ARC = YES;
				CLANG_ENABLE_OBJC_WEAK = YES;
				CLANG_WARN_BLOCK_CAPTURE_AUTORELEASING = YES;
				CLANG_WARN_BOOL_CONVERSION = YES;
				CLANG_WARN_COMMA = YES;
				CLANG_WARN_CONSTANT_CONVERSION = YES;
				CLANG_WARN_DEPRECATED_OBJC_IMPLEMENTATIONS = YES;
				CLANG_WARN_DIRECT_OBJC_ISA_USAGE = YES_ERROR;
				CLANG_WARN_DOCUMENTATION_COMMENTS = YES;
				CLANG_WARN_EMPTY_BODY = YES;
				CLANG_WARN_ENUM_CONVERSION = YES;
				CLANG_WARN_INFINITE_RECURSION = YES;
				CLANG_WARN_INT_CONVERSION = YES;
				CLANG_WARN_NON_LITERAL_NULL_CONVERSION = YES;
				CLANG_WARN_OBJC_IMPLICIT_RETAIN_SELF = YES;
				CLANG_WARN_OBJC_LITERAL_CONVERSION = YES;
				CLANG_WARN_OBJC_ROOT_CLASS = YES_ERROR;
				CLANG_WARN_RANGE_LOOP_ANALYSIS = YES;
				CLANG_WARN_STRICT_PROTOTYPES = YES;
				CLANG_WARN_SUSPICIOUS_MOVE = YES;
				CLANG_WARN_UNGUARDED_AVAILABILITY = YES_AGGRESSIVE;
				CLANG_WARN_UNREACHABLE_CODE = YES;
				CLANG_WARN__DUPLICATE_METHOD_MATCH = YES;
				COPY_PHASE_STRIP = NO;
				DEBUG_INFORMATION_FORMAT = "dwarf-with-dsym";
				ENABLE_NS_ASSERTIONS = NO;
				ENABLE_STRICT_OBJC_MSGSEND = YES;
				GCC_C_LANGUAGE_STANDARD = gnu11;
				GCC_NO_COMMON_BLOCKS = YES;
				GCC_WARN_64_TO_32_BIT_CONVERSION = YES;
				GCC_WARN_ABOUT_RETURN_TYPE = YES_ERROR;
				GCC_WARN_UNDECLARED_SELECTOR = YES;
				GCC_WARN_UNINITIALIZED_AUTOS = YES_AGGRESSIVE;
				GCC_WARN_UNUSED_FUNCTION = YES;
				GCC_WARN_UNUSED_VARIABLE = YES;
				IPHONEOS_DEPLOYMENT_TARGET = 13.1;
				MTL_ENABLE_DEBUG_INFO = NO;
				MTL_FAST_MATH = YES;
				SDKROOT = iphoneos;
				SWIFT_COMPILATION_MODE = wholemodule;
				SWIFT_OPTIMIZATION_LEVEL = "-O";
				VALIDATE_PRODUCT = YES;
			};
			name = Release;
		};
		A78A75FF2399E4230045AA66 /* Debug */ = {
			isa = XCBuildConfiguration;
			buildSettings = {
				ASSETCATALOG_COMPILER_APPICON_NAME = AppIcon;
				CODE_SIGN_STYLE = Automatic;
				DEVELOPMENT_TEAM = M2Z8KTGT88;
				INFOPLIST_FILE = SimpleBanners/Info.plist;
				IPHONEOS_DEPLOYMENT_TARGET = 12.0;
				LD_RUNPATH_SEARCH_PATHS = (
					"$(inherited)",
					"@executable_path/Frameworks",
				);
				PRODUCT_BUNDLE_IDENTIFIER = com.merli.SimpleBanners;
				PRODUCT_NAME = "$(TARGET_NAME)";
				SWIFT_VERSION = 5.0;
				TARGETED_DEVICE_FAMILY = 1;
			};
			name = Debug;
		};
		A78A76002399E4230045AA66 /* Release */ = {
			isa = XCBuildConfiguration;
			buildSettings = {
				ASSETCATALOG_COMPILER_APPICON_NAME = AppIcon;
				CODE_SIGN_STYLE = Automatic;
				DEVELOPMENT_TEAM = M2Z8KTGT88;
				INFOPLIST_FILE = SimpleBanners/Info.plist;
				IPHONEOS_DEPLOYMENT_TARGET = 12.0;
				LD_RUNPATH_SEARCH_PATHS = (
					"$(inherited)",
					"@executable_path/Frameworks",
				);
				PRODUCT_BUNDLE_IDENTIFIER = com.merli.SimpleBanners;
				PRODUCT_NAME = "$(TARGET_NAME)";
				SWIFT_VERSION = 5.0;
				TARGETED_DEVICE_FAMILY = 1;
			};
			name = Release;
		};
/* End XCBuildConfiguration section */

/* Begin XCConfigurationList section */
		A78A75E52399E4200045AA66 /* Build configuration list for PBXProject "SimpleBanners" */ = {
			isa = XCConfigurationList;
			buildConfigurations = (
				A78A75FC2399E4230045AA66 /* Debug */,
				A78A75FD2399E4230045AA66 /* Release */,
			);
			defaultConfigurationIsVisible = 0;
			defaultConfigurationName = Release;
		};
		A78A75FE2399E4230045AA66 /* Build configuration list for PBXNativeTarget "SimpleBanners" */ = {
			isa = XCConfigurationList;
			buildConfigurations = (
				A78A75FF2399E4230045AA66 /* Debug */,
				A78A76002399E4230045AA66 /* Release */,
			);
			defaultConfigurationIsVisible = 0;
			defaultConfigurationName = Release;
		};
/* End XCConfigurationList section */
	};
	rootObject = A78A75E22399E4200045AA66 /* Project object */;
}
